<?xml version="1.0" encoding="utf-8"?>
<Project ToolsVersion="4.0" xmlns="http://schemas.microsoft.com/developer/msbuild/2003">
  <ItemGroup>
    <Filter Include="Source Files">
      <UniqueIdentifier>{fede0cf7-5d4a-40e3-9dd5-e200bbf6d5de}</UniqueIdentifier>
    </Filter>
    <Filter Include="Generated Files">
      <UniqueIdentifier>{b982b531-d636-49eb-a82c-13d36943fff8}</UniqueIdentifier>
      <SourceControlFiles>False</SourceControlFiles>
    </Filter>
  </ItemGroup>
  <ItemGroup>
    <None Include="Polygonps.def" />
  </ItemGroup>
  <ItemGroup>
    <ClCompile Include="Polygon_i.c">
      <Filter>Generated Files</Filter>
    </ClCompile>
    <ClCompile Include="Polygon_p.c">
      <Filter>Generated Files</Filter>
    </ClCompile>
    <ClCompile Include="dlldata.c">
      <Filter>Generated Files</Filter>
    </ClCompile>
  </ItemGroup>
</Project>